
Microsoft Visual Studio Solution File, Format Version 12.00
# Visual Studio Version 16
VisualStudioVersion = 16.0.28922.388
MinimumVisualStudioVersion = 10.0.40219.1
Project("{FAE04EC0-301F-11D3-BF4B-00C04F79EFBC}") = "LoupedeckCtTool", "LoupedeckCtTool\LoupedeckCtTool.csproj", "{83D8067A-DF3B-4D1D-B8DE-12DBB758B92F}"
EndProject
Global
	GlobalSection(SolutionConfigurationPlatforms) = preSolution
		Debug|Any CPU = Debug|Any CPU
		Release|Any CPU = Release|Any CPU
	EndGlobalSection
	GlobalSection(ProjectConfigurationPlatforms) = postSolution
		{83D8067A-DF3B-4D1D-B8DE-12DBB758B92F}.Debug|Any CPU.ActiveCfg = Debug|Any CPU
		{83D8067A-DF3B-4D1D-B8DE-12DBB758B92F}.Debug|Any CPU.Build.0 = Debug|Any CPU
		{83D8067A-DF3B-4D1D-B8DE-12DBB758B92F}.Release|Any CPU.ActiveCfg = Release|Any CPU
		{83D8067A-DF3B-4D1D-B8DE-12DBB758B92F}.Release|Any CPU.Build.0 = Release|Any CPU
	EndGlobalSection
	GlobalSection(SolutionProperties) = preSolution
		HideSolutionNode = FALSE
	EndGlobalSection
	GlobalSection(ExtensibilityGlobals) = postSolution
		SolutionGuid = {D13B8984-5BD4-430A-983A-5B8FEEC6A3E4}
	EndGlobalSection
EndGlobal
